# THIS IS AN AUTOGENERATED FILE. DO NOT EDIT THIS FILE DIRECTLY.
# yarn lockfile v1


async@^0.9.0:
  version "0.9.2"
  resolved "https://registry.yarnpkg.com/async/-/async-0.9.2.tgz#aea74d5e61c1f899613bf64bda66d4c78f2fd17d"

async@^2.6.0:
  version "2.6.0"
  resolved "https://registry.yarnpkg.com/async/-/async-2.6.0.tgz#61a29abb6fcc026fea77e56d1c6ec53a795951f4"
  dependencies:
    lodash "^4.14.0"

"backbone4000@git+ssh://git@github.com/leshy/backbone4000.git":
  version "0.0.1"
  uid c64a230b301c5da268967442a435439086bfb839
  resolved "git+ssh://git@github.com/leshy/backbone4000.git#c64a230b301c5da268967442a435439086bfb839"
  dependencies:
    backbone "^1.1.2"
    helpers "git+ssh://git@github.com/leshy/nodejs-helpers.git"
    underscore "^1.8.3"

"backbone4000@git://github.com/leshy/backbone4000.git":
  version "0.0.1"
  resolved "git://github.com/leshy/backbone4000.git#c64a230b301c5da268967442a435439086bfb839"
  dependencies:
    backbone "^1.1.2"
    helpers "git+ssh://git@github.com/leshy/nodejs-helpers.git"
    underscore "^1.8.3"

backbone@^1.1.2:
  version "1.3.3"
  resolved "https://registry.yarnpkg.com/backbone/-/backbone-1.3.3.tgz#4cc80ea7cb1631ac474889ce40f2f8bc683b2999"
  dependencies:
    underscore ">=1.8.3"

bson@~1.0.4:
  version "1.0.4"
  resolved "https://registry.yarnpkg.com/bson/-/bson-1.0.4.tgz#93c10d39eaa5b58415cbc4052f3e53e562b0b72c"

buffer-shims@~1.0.0:
  version "1.0.0"
  resolved "https://registry.yarnpkg.com/buffer-shims/-/buffer-shims-1.0.0.tgz#9978ce317388c649ad8793028c3477ef044a8b51"

colors@1.0.3:
  version "1.0.3"
  resolved "https://registry.yarnpkg.com/colors/-/colors-1.0.3.tgz#0433f44d809680fdeb60ed260f1b0c262e82a40b"

core-util-is@~1.0.0:
  version "1.0.2"
  resolved "https://registry.yarnpkg.com/core-util-is/-/core-util-is-1.0.2.tgz#b5fd54220aa2bc5ab57aab7140c940754503c1a7"

double-ended-queue@^2.1.0-0:
  version "2.1.0-0"
  resolved "https://registry.yarnpkg.com/double-ended-queue/-/double-ended-queue-2.1.0-0.tgz#103d3527fd31528f40188130c841efdd78264e5c"

es6-promise@3.2.1:
  version "3.2.1"
  resolved "https://registry.yarnpkg.com/es6-promise/-/es6-promise-3.2.1.tgz#ec56233868032909207170c39448e24449dd1fc4"

event-lite@^0.1.1:
  version "0.1.1"
  resolved "https://registry.yarnpkg.com/event-lite/-/event-lite-0.1.1.tgz#47cf08a8d37d0b694cdb7b3b17b51faac6576086"

fluent-logger@^0.5.0:
  version "0.5.0"
  resolved "https://registry.yarnpkg.com/fluent-logger/-/fluent-logger-0.5.0.tgz#2e20de0377040d5b7a4f016dd147b6ff70886392"
  dependencies:
    msgpack-lite "*"

"helpers@git+ssh://git@github.com/leshy/nodejs-helpers.git":
  version "1.0.0"
  uid "8a0ee8ce5239e162c2a45f8271f0564a7ef923a7"
  resolved "git+ssh://git@github.com/leshy/nodejs-helpers.git#8a0ee8ce5239e162c2a45f8271f0564a7ef923a7"
  dependencies:
    async "^2.6.0"
    underscore "^1.8.3"

"helpers@git://github.com/leshy/nodejs-helpers.git":
  version "1.0.0"
  resolved "git://github.com/leshy/nodejs-helpers.git#8a0ee8ce5239e162c2a45f8271f0564a7ef923a7"
  dependencies:
    async "^2.6.0"
    underscore "^1.8.3"

ieee754@^1.1.8:
  version "1.1.8"
  resolved "https://registry.yarnpkg.com/ieee754/-/ieee754-1.1.8.tgz#be33d40ac10ef1926701f6f08a2d86fbfd1ad3e4"

influx@^5.0.1:
  version "5.0.7"
  resolved "https://registry.yarnpkg.com/influx/-/influx-5.0.7.tgz#35e65f6bf13cbaa1763108b5596a806a727a529a"

inherits@~2.0.1:
  version "2.0.3"
  resolved "https://registry.yarnpkg.com/inherits/-/inherits-2.0.3.tgz#633c2c83e3da42a502f52466022480f4208261de"

int64-buffer@^0.1.9:
  version "0.1.10"
  resolved "https://registry.yarnpkg.com/int64-buffer/-/int64-buffer-0.1.10.tgz#277b228a87d95ad777d07c13832022406a473423"

isarray@^1.0.0, isarray@~1.0.0:
  version "1.0.0"
  resolved "https://registry.yarnpkg.com/isarray/-/isarray-1.0.0.tgz#bb935d48582cba168c06834957a54a3e07124f11"

"leshdash@git://github.com/leshy/leshdash.git":
  version "1.0.0"
  resolved "git://github.com/leshy/leshdash.git#dbf237f5889880a995b52fb940d0e4316ce70e93"
  dependencies:
    lodash "^4.17.5"

lodash@^4.14.0, lodash@^4.17.2, lodash@^4.17.5:
  version "4.17.5"
  resolved "https://registry.yarnpkg.com/lodash/-/lodash-4.17.5.tgz#99a92d65c0272debe8c96b6057bc8fbfa3bed511"

"logger3@git+ssh://git@github.com/leshy/logger3":
  version "1.0.0"
  resolved "git+ssh://git@github.com/leshy/logger3#fc31c1dae6f42efabafc0a5eb147bd25c2da02ec"
  dependencies:
    backbone4000 "git://github.com/leshy/backbone4000.git"
    colors "1.0.3"
    fluent-logger "^0.5.0"
    helpers "git://github.com/leshy/nodejs-helpers.git"
    influx "^5.0.1"
    leshdash "git://github.com/leshy/leshdash.git"
    lodash "^4.17.2"
    mongodb "^2.1.3"
    prelude-ls "^1.1.2"
    redis "^2.6.2"
    subscriptionman2 "git://github.com/leshy/nodejs-subscriptionman2.git"
    udp-client "^0.1.0"
    underscore "^1.8.3"

mongodb-core@2.1.18:
  version "2.1.18"
  resolved "https://registry.yarnpkg.com/mongodb-core/-/mongodb-core-2.1.18.tgz#4c46139bdf3a1f032ded91db49f38eec01659050"
  dependencies:
    bson "~1.0.4"
    require_optional "~1.0.0"

mongodb@^2.1.3:
  version "2.2.34"
  resolved "https://registry.yarnpkg.com/mongodb/-/mongodb-2.2.34.tgz#a34f59bbeb61754aec432de72c3fe21526a44c1a"
  dependencies:
    es6-promise "3.2.1"
    mongodb-core "2.1.18"
    readable-stream "2.2.7"

msgpack-lite@*:
  version "0.1.26"
  resolved "https://registry.yarnpkg.com/msgpack-lite/-/msgpack-lite-0.1.26.tgz#dd3c50b26f059f25e7edee3644418358e2a9ad89"
  dependencies:
    event-lite "^0.1.1"
    ieee754 "^1.1.8"
    int64-buffer "^0.1.9"
    isarray "^1.0.0"

prelude-ls@^1.1.2:
  version "1.1.2"
  resolved "https://registry.yarnpkg.com/prelude-ls/-/prelude-ls-1.1.2.tgz#21932a549f5e52ffd9a827f570e04be62a97da54"

process-nextick-args@~1.0.6:
  version "1.0.7"
  resolved "https://registry.yarnpkg.com/process-nextick-args/-/process-nextick-args-1.0.7.tgz#150e20b756590ad3f91093f25a4f2ad8bff30ba3"

readable-stream@2.2.7:
  version "2.2.7"
  resolved "https://registry.yarnpkg.com/readable-stream/-/readable-stream-2.2.7.tgz#07057acbe2467b22042d36f98c5ad507054e95b1"
  dependencies:
    buffer-shims "~1.0.0"
    core-util-is "~1.0.0"
    inherits "~2.0.1"
    isarray "~1.0.0"
    process-nextick-args "~1.0.6"
    string_decoder "~1.0.0"
    util-deprecate "~1.0.1"

redis-commands@^1.2.0:
  version "1.3.1"
  resolved "https://registry.yarnpkg.com/redis-commands/-/redis-commands-1.3.1.tgz#81d826f45fa9c8b2011f4cd7a0fe597d241d442b"

redis-parser@^2.6.0:
  version "2.6.0"
  resolved "https://registry.yarnpkg.com/redis-parser/-/redis-parser-2.6.0.tgz#52ed09dacac108f1a631c07e9b69941e7a19504b"

redis@^2.6.2:
  version "2.8.0"
  resolved "https://registry.yarnpkg.com/redis/-/redis-2.8.0.tgz#202288e3f58c49f6079d97af7a10e1303ae14b02"
  dependencies:
    double-ended-queue "^2.1.0-0"
    redis-commands "^1.2.0"
    redis-parser "^2.6.0"

require_optional@~1.0.0:
  version "1.0.1"
  resolved "https://registry.yarnpkg.com/require_optional/-/require_optional-1.0.1.tgz#4cf35a4247f64ca3df8c2ef208cc494b1ca8fc2e"
  dependencies:
    resolve-from "^2.0.0"
    semver "^5.1.0"

resolve-from@^2.0.0:
  version "2.0.0"
  resolved "https://registry.yarnpkg.com/resolve-from/-/resolve-from-2.0.0.tgz#9480ab20e94ffa1d9e80a804c7ea147611966b57"

safe-buffer@~5.1.0:
  version "5.1.1"
  resolved "https://registry.yarnpkg.com/safe-buffer/-/safe-buffer-5.1.1.tgz#893312af69b2123def71f57889001671eeb2c853"

semver@^5.1.0:
  version "5.5.0"
  resolved "https://registry.yarnpkg.com/semver/-/semver-5.5.0.tgz#dc4bbc7a6ca9d916dee5d43516f0092b58f7b8ab"

string_decoder@~1.0.0:
  version "1.0.3"
  resolved "https://registry.yarnpkg.com/string_decoder/-/string_decoder-1.0.3.tgz#0fc67d7c141825de94282dd536bec6b9bce860ab"
  dependencies:
    safe-buffer "~5.1.0"

"subscriptionman2@git://github.com/leshy/nodejs-subscriptionman2.git":
  version "0.0.0"
  resolved "git://github.com/leshy/nodejs-subscriptionman2.git#eadd1e513dd5cf62b131bb5855dde16131b25a8d"
  dependencies:
    async "^0.9.0"
    backbone4000 "git://github.com/leshy/backbone4000.git"
    helpers "git://github.com/leshy/nodejs-helpers.git"
    underscore "^1.8.3"
    validator2-extras "git://github.com/leshy/nodejs-validator2-extras.git"

udp-client@^0.1.0:
  version "0.1.0"
  resolved "https://registry.yarnpkg.com/udp-client/-/udp-client-0.1.0.tgz#c8f5be1f02bd10367bab6e77814bdb0d840075f8"

underscore@>=1.8.3, underscore@^1.8.3:
  version "1.8.3"
  resolved "https://registry.yarnpkg.com/underscore/-/underscore-1.8.3.tgz#4f3fb53b106e6097fcf9cb4109f2a5e9bdfa5022"

util-deprecate@~1.0.1:
  version "1.0.2"
  resolved "https://registry.yarnpkg.com/util-deprecate/-/util-deprecate-1.0.2.tgz#450d4dc9fa70de732762fbd2d4a28981419a0ccf"

"validator2-extras@git://github.com/leshy/nodejs-validator2-extras.git":
  version "0.0.1"
  resolved "git://github.com/leshy/nodejs-validator2-extras.git#dae9ea3f517747e6ef4d4b1176112372cf9abcc6"
  dependencies:
    backbone4000 "git+ssh://git@github.com/leshy/backbone4000.git"
    helpers "git+ssh://git@github.com/leshy/nodejs-helpers.git"
    underscore "^1.8.3"
    validator2 "git+ssh://git@github.com/leshy/nodejs-validator2.git"

"validator2@git+ssh://git@github.com/leshy/nodejs-validator2.git":
  version "0.0.1"
  resolved "git+ssh://git@github.com/leshy/nodejs-validator2.git#0775c167240148072d922021d773fbfbf660d4f6"
  dependencies:
    async "^2.6.0"
    helpers "git+ssh://git@github.com/leshy/nodejs-helpers.git"
    underscore "^1.8.3"
